// !$*UTF8*$!
{
	archiveVersion = 1;
	classes = {
	};
	objectVersion = 56;
	objects = {

/* Begin PBXBuildFile section */
		37186FEA2C80C9AA00B1F118 /* SMLocation.swift in Sources */ = {isa = PBXBuildFile; fileRef = 37186FE92C80C9AA00B1F118 /* SMLocation.swift */; };
		37186FEC2C80F4EF00B1F118 /* SMProfile.swift in Sources */ = {isa = PBXBuildFile; fileRef = 37186FEB2C80F4EF00B1F118 /* SMProfile.swift */; };
		37186FEE2C80F6C600B1F118 /* MockData.swift in Sources */ = {isa = PBXBuildFile; fileRef = 37186FED2C80F6C600B1F118 /* MockData.swift */; };
		37186FF02C81397500B1F118 /* CloudKitManager.swift in Sources */ = {isa = PBXBuildFile; fileRef = 37186FEF2C81397500B1F118 /* CloudKitManager.swift */; };
		37186FF22C81411D00B1F118 /* LocationMapViewModel.swift in Sources */ = {isa = PBXBuildFile; fileRef = 37186FF12C81411D00B1F118 /* LocationMapViewModel.swift */; };
		37186FF42C83723900B1F118 /* Constants.swift in Sources */ = {isa = PBXBuildFile; fileRef = 37186FF32C83723900B1F118 /* Constants.swift */; };
		376C579F2C91C24400669504 /* OnboardingView.swift in Sources */ = {isa = PBXBuildFile; fileRef = 376C579E2C91C24400669504 /* OnboardingView.swift */; };
		376C57A12C91C28700669504 /* LogoView.swift in Sources */ = {isa = PBXBuildFile; fileRef = 376C57A02C91C28700669504 /* LogoView.swift */; };
		376C57A42C91C85D00669504 /* XDismissButton.swift in Sources */ = {isa = PBXBuildFile; fileRef = 376C57A32C91C85C00669504 /* XDismissButton.swift */; };
		3778D9182C8C5164005F18B1 /* CKAsset+Ext.swift in Sources */ = {isa = PBXBuildFile; fileRef = 3778D9172C8C5164005F18B1 /* CKAsset+Ext.swift */; };
		3791FF942C9274D700B63DA4 /* ProfileViewModel.swift in Sources */ = {isa = PBXBuildFile; fileRef = 3791FF932C9274D700B63DA4 /* ProfileViewModel.swift */; };
		3791FF982C95CB7D00B63DA4 /* UIImage+Ext.swift in Sources */ = {isa = PBXBuildFile; fileRef = 3791FF972C95CB7D00B63DA4 /* UIImage+Ext.swift */; };
		379CD3BD2C752F7E00377157 /* LocationDetailView.swift in Sources */ = {isa = PBXBuildFile; fileRef = 379CD3BC2C752F7E00377157 /* LocationDetailView.swift */; };
		37B8D0462C9AB1440089ECC3 /* LoadingView.swift in Sources */ = {isa = PBXBuildFile; fileRef = 37B8D0452C9AB1440089ECC3 /* LoadingView.swift */; };
		37B8D04B2C9BD4200089ECC3 /* LocationDetailViewModel.swift in Sources */ = {isa = PBXBuildFile; fileRef = 37B8D04A2C9BD4200089ECC3 /* LocationDetailViewModel.swift */; };
		37B8D04D2C9BEC4F0089ECC3 /* ProfileModalView.swift in Sources */ = {isa = PBXBuildFile; fileRef = 37B8D04C2C9BEC4F0089ECC3 /* ProfileModalView.swift */; };
		37BEFBEF2C74F57300D4B717 /* AppTabView.swift in Sources */ = {isa = PBXBuildFile; fileRef = 37BEFBEE2C74F57300D4B717 /* AppTabView.swift */; };
		37BEFBF12C74F5B800D4B717 /* LocationMapView.swift in Sources */ = {isa = PBXBuildFile; fileRef = 37BEFBF02C74F5B800D4B717 /* LocationMapView.swift */; };
		37BEFBF32C74F5D600D4B717 /* LocationListView.swift in Sources */ = {isa = PBXBuildFile; fileRef = 37BEFBF22C74F5D600D4B717 /* LocationListView.swift */; };
		37BEFBF52C74F5E400D4B717 /* ProfileView.swift in Sources */ = {isa = PBXBuildFile; fileRef = 37BEFBF42C74F5E400D4B717 /* ProfileView.swift */; };
		37DF83DE2C89AB8400A44C40 /* LocationManager.swift in Sources */ = {isa = PBXBuildFile; fileRef = 37DF83DD2C89AB8400A44C40 /* LocationManager.swift */; };
		37E00CEA2C7E7B5A00AE88EE /* LocationCell.swift in Sources */ = {isa = PBXBuildFile; fileRef = 37E00CE92C7E7B5A00AE88EE /* LocationCell.swift */; };
		37E00CEC2C7E7BAD00AE88EE /* AvatarView.swift in Sources */ = {isa = PBXBuildFile; fileRef = 37E00CEB2C7E7BAD00AE88EE /* AvatarView.swift */; };
		37E00CEE2C7E814400AE88EE /* SMButton.swift in Sources */ = {isa = PBXBuildFile; fileRef = 37E00CED2C7E814400AE88EE /* SMButton.swift */; };
		37FE3BB32C73E68900784FB8 /* SipMatesApp.swift in Sources */ = {isa = PBXBuildFile; fileRef = 37FE3BB22C73E68900784FB8 /* SipMatesApp.swift */; };
		37FE3BB72C73E68C00784FB8 /* Assets.xcassets in Resources */ = {isa = PBXBuildFile; fileRef = 37FE3BB62C73E68C00784FB8 /* Assets.xcassets */; };
		37FE3BBA2C73E68C00784FB8 /* Preview Assets.xcassets in Resources */ = {isa = PBXBuildFile; fileRef = 37FE3BB92C73E68C00784FB8 /* Preview Assets.xcassets */; };
/* End PBXBuildFile section */

/* Begin PBXFileReference section */
		37186FE92C80C9AA00B1F118 /* SMLocation.swift */ = {isa = PBXFileReference; lastKnownFileType = sourcecode.swift; path = SMLocation.swift; sourceTree = "<group>"; };
		37186FEB2C80F4EF00B1F118 /* SMProfile.swift */ = {isa = PBXFileReference; lastKnownFileType = sourcecode.swift; path = SMProfile.swift; sourceTree = "<group>"; };
		37186FED2C80F6C600B1F118 /* MockData.swift */ = {isa = PBXFileReference; lastKnownFileType = sourcecode.swift; path = MockData.swift; sourceTree = "<group>"; };
		37186FEF2C81397500B1F118 /* CloudKitManager.swift */ = {isa = PBXFileReference; lastKnownFileType = sourcecode.swift; path = CloudKitManager.swift; sourceTree = "<group>"; };
		37186FF12C81411D00B1F118 /* LocationMapViewModel.swift */ = {isa = PBXFileReference; lastKnownFileType = sourcecode.swift; path = LocationMapViewModel.swift; sourceTree = "<group>"; };
		37186FF32C83723900B1F118 /* Constants.swift */ = {isa = PBXFileReference; lastKnownFileType = sourcecode.swift; path = Constants.swift; sourceTree = "<group>"; };
		376C579E2C91C24400669504 /* OnboardingView.swift */ = {isa = PBXFileReference; lastKnownFileType = sourcecode.swift; path = OnboardingView.swift; sourceTree = "<group>"; };
		376C57A02C91C28700669504 /* LogoView.swift */ = {isa = PBXFileReference; lastKnownFileType = sourcecode.swift; path = LogoView.swift; sourceTree = "<group>"; };
		376C57A32C91C85C00669504 /* XDismissButton.swift */ = {isa = PBXFileReference; lastKnownFileType = sourcecode.swift; path = XDismissButton.swift; sourceTree = "<group>"; };
		3778D9172C8C5164005F18B1 /* CKAsset+Ext.swift */ = {isa = PBXFileReference; lastKnownFileType = sourcecode.swift; path = "CKAsset+Ext.swift"; sourceTree = "<group>"; };
		3791FF932C9274D700B63DA4 /* ProfileViewModel.swift */ = {isa = PBXFileReference; lastKnownFileType = sourcecode.swift; path = ProfileViewModel.swift; sourceTree = "<group>"; };
		3791FF972C95CB7D00B63DA4 /* UIImage+Ext.swift */ = {isa = PBXFileReference; lastKnownFileType = sourcecode.swift; path = "UIImage+Ext.swift"; sourceTree = "<group>"; };
		379CD3BC2C752F7E00377157 /* LocationDetailView.swift */ = {isa = PBXFileReference; lastKnownFileType = sourcecode.swift; path = LocationDetailView.swift; sourceTree = "<group>"; };
		37B8D0452C9AB1440089ECC3 /* LoadingView.swift */ = {isa = PBXFileReference; lastKnownFileType = sourcecode.swift; path = LoadingView.swift; sourceTree = "<group>"; };
		37B8D04A2C9BD4200089ECC3 /* LocationDetailViewModel.swift */ = {isa = PBXFileReference; lastKnownFileType = sourcecode.swift; path = LocationDetailViewModel.swift; sourceTree = "<group>"; };
		37B8D04C2C9BEC4F0089ECC3 /* ProfileModalView.swift */ = {isa = PBXFileReference; lastKnownFileType = sourcecode.swift; path = ProfileModalView.swift; sourceTree = "<group>"; };
		37BEFBEB2C74F21C00D4B717 /* SipMates.entitlements */ = {isa = PBXFileReference; lastKnownFileType = text.plist.entitlements; path = SipMates.entitlements; sourceTree = "<group>"; };
		37BEFBEE2C74F57300D4B717 /* AppTabView.swift */ = {isa = PBXFileReference; lastKnownFileType = sourcecode.swift; path = AppTabView.swift; sourceTree = "<group>"; };
		37BEFBF02C74F5B800D4B717 /* LocationMapView.swift */ = {isa = PBXFileReference; lastKnownFileType = sourcecode.swift; path = LocationMapView.swift; sourceTree = "<group>"; };
		37BEFBF22C74F5D600D4B717 /* LocationListView.swift */ = {isa = PBXFileReference; lastKnownFileType = sourcecode.swift; path = LocationListView.swift; sourceTree = "<group>"; };
		37BEFBF42C74F5E400D4B717 /* ProfileView.swift */ = {isa = PBXFileReference; lastKnownFileType = sourcecode.swift; path = ProfileView.swift; sourceTree = "<group>"; };
		37DF83DD2C89AB8400A44C40 /* LocationManager.swift */ = {isa = PBXFileReference; lastKnownFileType = sourcecode.swift; path = LocationManager.swift; sourceTree = "<group>"; };
		37E00CE92C7E7B5A00AE88EE /* LocationCell.swift */ = {isa = PBXFileReference; lastKnownFileType = sourcecode.swift; path = LocationCell.swift; sourceTree = "<group>"; };
		37E00CEB2C7E7BAD00AE88EE /* AvatarView.swift */ = {isa = PBXFileReference; lastKnownFileType = sourcecode.swift; path = AvatarView.swift; sourceTree = "<group>"; };
		37E00CED2C7E814400AE88EE /* SMButton.swift */ = {isa = PBXFileReference; lastKnownFileType = sourcecode.swift; path = SMButton.swift; sourceTree = "<group>"; };
		37FE3BAF2C73E68900784FB8 /* SipMates.app */ = {isa = PBXFileReference; explicitFileType = wrapper.application; includeInIndex = 0; path = SipMates.app; sourceTree = BUILT_PRODUCTS_DIR; };
		37FE3BB22C73E68900784FB8 /* SipMatesApp.swift */ = {isa = PBXFileReference; lastKnownFileType = sourcecode.swift; path = SipMatesApp.swift; sourceTree = "<group>"; };
		37FE3BB62C73E68C00784FB8 /* Assets.xcassets */ = {isa = PBXFileReference; lastKnownFileType = folder.assetcatalog; path = Assets.xcassets; sourceTree = "<group>"; };
		37FE3BB92C73E68C00784FB8 /* Preview Assets.xcassets */ = {isa = PBXFileReference; lastKnownFileType = folder.assetcatalog; path = "Preview Assets.xcassets"; sourceTree = "<group>"; };
/* End PBXFileReference section */

/* Begin PBXFrameworksBuildPhase section */
		37FE3BAC2C73E68900784FB8 /* Frameworks */ = {
			isa = PBXFrameworksBuildPhase;
			buildActionMask = 2147483647;
			files = (
			);
			runOnlyForDeploymentPostprocessing = 0;
		};
/* End PBXFrameworksBuildPhase section */

/* Begin PBXGroup section */
		37186FE82C80C98200B1F118 /* Model */ = {
			isa = PBXGroup;
			children = (
				37186FE92C80C9AA00B1F118 /* SMLocation.swift */,
				37186FEB2C80F4EF00B1F118 /* SMProfile.swift */,
				37186FED2C80F6C600B1F118 /* MockData.swift */,
			);
			path = Model;
			sourceTree = "<group>";
		};
		37186FF52C83762200B1F118 /* Utilities */ = {
			isa = PBXGroup;
			children = (
				37186FF32C83723900B1F118 /* Constants.swift */,
				37186FF92C837DA500B1F118 /* Managers */,
				3778D9162C8C5149005F18B1 /* Extensions */,
			);
			path = Utilities;
			sourceTree = "<group>";
		};
		37186FF92C837DA500B1F118 /* Managers */ = {
			isa = PBXGroup;
			children = (
				37186FEF2C81397500B1F118 /* CloudKitManager.swift */,
				37DF83DD2C89AB8400A44C40 /* LocationManager.swift */,
			);
			path = Managers;
			sourceTree = "<group>";
		};
		37186FFA2C837DC700B1F118 /* LocationMapView */ = {
			isa = PBXGroup;
			children = (
				37BEFBF02C74F5B800D4B717 /* LocationMapView.swift */,
				37186FF12C81411D00B1F118 /* LocationMapViewModel.swift */,
			);
			path = LocationMapView;
			sourceTree = "<group>";
		};
		37186FFB2C837DEE00B1F118 /* LocationListView */ = {
			isa = PBXGroup;
			children = (
				37BEFBF22C74F5D600D4B717 /* LocationListView.swift */,
			);
			path = LocationListView;
			sourceTree = "<group>";
		};
		37186FFC2C837E0400B1F118 /* ProfileView */ = {
			isa = PBXGroup;
			children = (
				37BEFBF42C74F5E400D4B717 /* ProfileView.swift */,
				3791FF932C9274D700B63DA4 /* ProfileViewModel.swift */,
			);
			path = ProfileView;
			sourceTree = "<group>";
		};
		376C57A22C91C84200669504 /* Buttons */ = {
			isa = PBXGroup;
			children = (
				37E00CED2C7E814400AE88EE /* SMButton.swift */,
				376C57A32C91C85C00669504 /* XDismissButton.swift */,
			);
			path = Buttons;
			sourceTree = "<group>";
		};
		3778D9162C8C5149005F18B1 /* Extensions */ = {
			isa = PBXGroup;
			children = (
				3778D9172C8C5164005F18B1 /* CKAsset+Ext.swift */,
				3791FF972C95CB7D00B63DA4 /* UIImage+Ext.swift */,
			);
			path = Extensions;
			sourceTree = "<group>";
		};
		37B8D0492C9BD3E10089ECC3 /* LocationDetailView */ = {
			isa = PBXGroup;
			children = (
				379CD3BC2C752F7E00377157 /* LocationDetailView.swift */,
				37B8D04A2C9BD4200089ECC3 /* LocationDetailViewModel.swift */,
				37B8D04C2C9BEC4F0089ECC3 /* ProfileModalView.swift */,
			);
			path = LocationDetailView;
			sourceTree = "<group>";
		};
		37E00CEF2C7E821900AE88EE /* Views */ = {
			isa = PBXGroup;
			children = (
				37E00CF22C7E826800AE88EE /* CustomViews */,
				37E00CF12C7E825100AE88EE /* Cells */,
				37E00CF02C7E822400AE88EE /* Screens */,
			);
			path = Views;
			sourceTree = "<group>";
		};
		37E00CF02C7E822400AE88EE /* Screens */ = {
			isa = PBXGroup;
			children = (
				37BEFBEE2C74F57300D4B717 /* AppTabView.swift */,
				376C579E2C91C24400669504 /* OnboardingView.swift */,
				37186FFA2C837DC700B1F118 /* LocationMapView */,
				37186FFB2C837DEE00B1F118 /* LocationListView */,
				37B8D0492C9BD3E10089ECC3 /* LocationDetailView */,
				37186FFC2C837E0400B1F118 /* ProfileView */,
			);
			path = Screens;
			sourceTree = "<group>";
		};
		37E00CF12C7E825100AE88EE /* Cells */ = {
			isa = PBXGroup;
			children = (
				37E00CE92C7E7B5A00AE88EE /* LocationCell.swift */,
			);
			path = Cells;
			sourceTree = "<group>";
		};
		37E00CF22C7E826800AE88EE /* CustomViews */ = {
			isa = PBXGroup;
			children = (
				376C57A22C91C84200669504 /* Buttons */,
				37E00CEB2C7E7BAD00AE88EE /* AvatarView.swift */,
				376C57A02C91C28700669504 /* LogoView.swift */,
				37B8D0452C9AB1440089ECC3 /* LoadingView.swift */,
			);
			path = CustomViews;
			sourceTree = "<group>";
		};
		37FE3BA62C73E68900784FB8 = {
			isa = PBXGroup;
			children = (
				37FE3BB12C73E68900784FB8 /* SipMates */,
				37FE3BB02C73E68900784FB8 /* Products */,
			);
			sourceTree = "<group>";
		};
		37FE3BB02C73E68900784FB8 /* Products */ = {
			isa = PBXGroup;
			children = (
				37FE3BAF2C73E68900784FB8 /* SipMates.app */,
			);
			name = Products;
			sourceTree = "<group>";
		};
		37FE3BB12C73E68900784FB8 /* SipMates */ = {
			isa = PBXGroup;
			children = (
				37186FE82C80C98200B1F118 /* Model */,
				37186FF52C83762200B1F118 /* Utilities */,
				37E00CEF2C7E821900AE88EE /* Views */,
				37FE3BB22C73E68900784FB8 /* SipMatesApp.swift */,
				37BEFBEB2C74F21C00D4B717 /* SipMates.entitlements */,
				37FE3BB62C73E68C00784FB8 /* Assets.xcassets */,
				37FE3BB82C73E68C00784FB8 /* Preview Content */,
			);
			path = SipMates;
			sourceTree = "<group>";
		};
		37FE3BB82C73E68C00784FB8 /* Preview Content */ = {
			isa = PBXGroup;
			children = (
				37FE3BB92C73E68C00784FB8 /* Preview Assets.xcassets */,
			);
			path = "Preview Content";
			sourceTree = "<group>";
		};
/* End PBXGroup section */

/* Begin PBXNativeTarget section */
		37FE3BAE2C73E68900784FB8 /* SipMates */ = {
			isa = PBXNativeTarget;
			buildConfigurationList = 37FE3BBD2C73E68C00784FB8 /* Build configuration list for PBXNativeTarget "SipMates" */;
			buildPhases = (
				37FE3BAB2C73E68900784FB8 /* Sources */,
				37FE3BAC2C73E68900784FB8 /* Frameworks */,
				37FE3BAD2C73E68900784FB8 /* Resources */,
			);
			buildRules = (
			);
			dependencies = (
			);
			name = SipMates;
			productName = SipMates;
			productReference = 37FE3BAF2C73E68900784FB8 /* SipMates.app */;
			productType = "com.apple.product-type.application";
		};
/* End PBXNativeTarget section */

/* Begin PBXProject section */
		37FE3BA72C73E68900784FB8 /* Project object */ = {
			isa = PBXProject;
			attributes = {
				BuildIndependentTargetsInParallel = 1;
				LastSwiftUpdateCheck = 1540;
				LastUpgradeCheck = 1540;
				TargetAttributes = {
					37FE3BAE2C73E68900784FB8 = {
						CreatedOnToolsVersion = 15.4;
					};
				};
			};
			buildConfigurationList = 37FE3BAA2C73E68900784FB8 /* Build configuration list for PBXProject "SipMates" */;
			compatibilityVersion = "Xcode 14.0";
			developmentRegion = en;
			hasScannedForEncodings = 0;
			knownRegions = (
				en,
				Base,
			);
			mainGroup = 37FE3BA62C73E68900784FB8;
			productRefGroup = 37FE3BB02C73E68900784FB8 /* Products */;
			projectDirPath = "";
			projectRoot = "";
			targets = (
				37FE3BAE2C73E68900784FB8 /* SipMates */,
			);
		};
/* End PBXProject section */

/* Begin PBXResourcesBuildPhase section */
		37FE3BAD2C73E68900784FB8 /* Resources */ = {
			isa = PBXResourcesBuildPhase;
			buildActionMask = 2147483647;
			files = (
				37FE3BBA2C73E68C00784FB8 /* Preview Assets.xcassets in Resources */,
				37FE3BB72C73E68C00784FB8 /* Assets.xcassets in Resources */,
			);
			runOnlyForDeploymentPostprocessing = 0;
		};
/* End PBXResourcesBuildPhase section */

/* Begin PBXSourcesBuildPhase section */
		37FE3BAB2C73E68900784FB8 /* Sources */ = {
			isa = PBXSourcesBuildPhase;
			buildActionMask = 2147483647;
			files = (
				37186FF22C81411D00B1F118 /* LocationMapViewModel.swift in Sources */,
				37186FEC2C80F4EF00B1F118 /* SMProfile.swift in Sources */,
				37186FEE2C80F6C600B1F118 /* MockData.swift in Sources */,
				376C579F2C91C24400669504 /* OnboardingView.swift in Sources */,
				37FE3BB32C73E68900784FB8 /* SipMatesApp.swift in Sources */,
				37DF83DE2C89AB8400A44C40 /* LocationManager.swift in Sources */,
				37BEFBF12C74F5B800D4B717 /* LocationMapView.swift in Sources */,
				376C57A12C91C28700669504 /* LogoView.swift in Sources */,
				37186FF42C83723900B1F118 /* Constants.swift in Sources */,
				37BEFBF32C74F5D600D4B717 /* LocationListView.swift in Sources */,
				379CD3BD2C752F7E00377157 /* LocationDetailView.swift in Sources */,
				37E00CEA2C7E7B5A00AE88EE /* LocationCell.swift in Sources */,
				37E00CEC2C7E7BAD00AE88EE /* AvatarView.swift in Sources */,
				37BEFBEF2C74F57300D4B717 /* AppTabView.swift in Sources */,
				3778D9182C8C5164005F18B1 /* CKAsset+Ext.swift in Sources */,
				37E00CEE2C7E814400AE88EE /* SMButton.swift in Sources */,
				37B8D04B2C9BD4200089ECC3 /* LocationDetailViewModel.swift in Sources */,
				37186FEA2C80C9AA00B1F118 /* SMLocation.swift in Sources */,
				37B8D04D2C9BEC4F0089ECC3 /* ProfileModalView.swift in Sources */,
				3791FF942C9274D700B63DA4 /* ProfileViewModel.swift in Sources */,
				37BEFBF52C74F5E400D4B717 /* ProfileView.swift in Sources */,
				37186FF02C81397500B1F118 /* CloudKitManager.swift in Sources */,
				376C57A42C91C85D00669504 /* XDismissButton.swift in Sources */,
				3791FF982C95CB7D00B63DA4 /* UIImage+Ext.swift in Sources */,
				37B8D0462C9AB1440089ECC3 /* LoadingView.swift in Sources */,
			);
			runOnlyForDeploymentPostprocessing = 0;
		};
/* End PBXSourcesBuildPhase section */

/* Begin XCBuildConfiguration section */
		37FE3BBB2C73E68C00784FB8 /* Debug */ = {
			isa = XCBuildConfiguration;
			buildSettings = {
				ALWAYS_SEARCH_USER_PATHS = NO;
				ASSETCATALOG_COMPILER_GENERATE_SWIFT_ASSET_SYMBOL_EXTENSIONS = YES;
				CLANG_ANALYZER_NONNULL = YES;
				CLANG_ANALYZER_NUMBER_OBJECT_CONVERSION = YES_AGGRESSIVE;
				CLANG_CXX_LANGUAGE_STANDARD = "gnu++20";
				CLANG_ENABLE_MODULES = YES;
				CLANG_ENABLE_OBJC_ARC = YES;
				CLANG_ENABLE_OBJC_WEAK = YES;
				CLANG_WARN_BLOCK_CAPTURE_AUTORELEASING = YES;
				CLANG_WARN_BOOL_CONVERSION = YES;
				CLANG_WARN_COMMA = YES;
				CLANG_WARN_CONSTANT_CONVERSION = YES;
				CLANG_WARN_DEPRECATED_OBJC_IMPLEMENTATIONS = YES;
				CLANG_WARN_DIRECT_OBJC_ISA_USAGE = YES_ERROR;
				CLANG_WARN_DOCUMENTATION_COMMENTS = YES;
				CLANG_WARN_EMPTY_BODY = YES;
				CLANG_WARN_ENUM_CONVERSION = YES;
				CLANG_WARN_INFINITE_RECURSION = YES;
				CLANG_WARN_INT_CONVERSION = YES;
				CLANG_WARN_NON_LITERAL_NULL_CONVERSION = YES;
				CLANG_WARN_OBJC_IMPLICIT_RETAIN_SELF = YES;
				CLANG_WARN_OBJC_LITERAL_CONVERSION = YES;
				CLANG_WARN_OBJC_ROOT_CLASS = YES_ERROR;
				CLANG_WARN_QUOTED_INCLUDE_IN_FRAMEWORK_HEADER = YES;
				CLANG_WARN_RANGE_LOOP_ANALYSIS = YES;
				CLANG_WARN_STRICT_PROTOTYPES = YES;
				CLANG_WARN_SUSPICIOUS_MOVE = YES;
				CLANG_WARN_UNGUARDED_AVAILABILITY = YES_AGGRESSIVE;
				CLANG_WARN_UNREACHABLE_CODE = YES;
				CLANG_WARN__DUPLICATE_METHOD_MATCH = YES;
				COPY_PHASE_STRIP = NO;
				DEBUG_INFORMATION_FORMAT = dwarf;
				ENABLE_STRICT_OBJC_MSGSEND = YES;
				ENABLE_TESTABILITY = YES;
				ENABLE_USER_SCRIPT_SANDBOXING = YES;
				GCC_C_LANGUAGE_STANDARD = gnu17;
				GCC_DYNAMIC_NO_PIC = NO;
				GCC_NO_COMMON_BLOCKS = YES;
				GCC_OPTIMIZATION_LEVEL = 0;
				GCC_PREPROCESSOR_DEFINITIONS = (
					"DEBUG=1",
					"$(inherited)",
				);
				GCC_WARN_64_TO_32_BIT_CONVERSION = YES;
				GCC_WARN_ABOUT_RETURN_TYPE = YES_ERROR;
				GCC_WARN_UNDECLARED_SELECTOR = YES;
				GCC_WARN_UNINITIALIZED_AUTOS = YES_AGGRESSIVE;
				GCC_WARN_UNUSED_FUNCTION = YES;
				GCC_WARN_UNUSED_VARIABLE = YES;
				IPHONEOS_DEPLOYMENT_TARGET = 17.5;
				LOCALIZATION_PREFERS_STRING_CATALOGS = YES;
				MTL_ENABLE_DEBUG_INFO = INCLUDE_SOURCE;
				MTL_FAST_MATH = YES;
				ONLY_ACTIVE_ARCH = YES;
				SDKROOT = iphoneos;
				SWIFT_ACTIVE_COMPILATION_CONDITIONS = "DEBUG $(inherited)";
				SWIFT_OPTIMIZATION_LEVEL = "-Onone";
			};
			name = Debug;
		};
		37FE3BBC2C73E68C00784FB8 /* Release */ = {
			isa = XCBuildConfiguration;
			buildSettings = {
				ALWAYS_SEARCH_USER_PATHS = NO;
				ASSETCATALOG_COMPILER_GENERATE_SWIFT_ASSET_SYMBOL_EXTENSIONS = YES;
				CLANG_ANALYZER_NONNULL = YES;
				CLANG_ANALYZER_NUMBER_OBJECT_CONVERSION = YES_AGGRESSIVE;
				CLANG_CXX_LANGUAGE_STANDARD = "gnu++20";
				CLANG_ENABLE_MODULES = YES;
				CLANG_ENABLE_OBJC_ARC = YES;
				CLANG_ENABLE_OBJC_WEAK = YES;
				CLANG_WARN_BLOCK_CAPTURE_AUTORELEASING = YES;
				CLANG_WARN_BOOL_CONVERSION = YES;
				CLANG_WARN_COMMA = YES;
				CLANG_WARN_CONSTANT_CONVERSION = YES;
				CLANG_WARN_DEPRECATED_OBJC_IMPLEMENTATIONS = YES;
				CLANG_WARN_DIRECT_OBJC_ISA_USAGE = YES_ERROR;
				CLANG_WARN_DOCUMENTATION_COMMENTS = YES;
				CLANG_WARN_EMPTY_BODY = YES;
				CLANG_WARN_ENUM_CONVERSION = YES;
				CLANG_WARN_INFINITE_RECURSION = YES;
				CLANG_WARN_INT_CONVERSION = YES;
				CLANG_WARN_NON_LITERAL_NULL_CONVERSION = YES;
				CLANG_WARN_OBJC_IMPLICIT_RETAIN_SELF = YES;
				CLANG_WARN_OBJC_LITERAL_CONVERSION = YES;
				CLANG_WARN_OBJC_ROOT_CLASS = YES_ERROR;
				CLANG_WARN_QUOTED_INCLUDE_IN_FRAMEWORK_HEADER = YES;
				CLANG_WARN_RANGE_LOOP_ANALYSIS = YES;
				CLANG_WARN_STRICT_PROTOTYPES = YES;
				CLANG_WARN_SUSPICIOUS_MOVE = YES;
				CLANG_WARN_UNGUARDED_AVAILABILITY = YES_AGGRESSIVE;
				CLANG_WARN_UNREACHABLE_CODE = YES;
				CLANG_WARN__DUPLICATE_METHOD_MATCH = YES;
				COPY_PHASE_STRIP = NO;
				DEBUG_INFORMATION_FORMAT = "dwarf-with-dsym";
				ENABLE_NS_ASSERTIONS = NO;
				ENABLE_STRICT_OBJC_MSGSEND = YES;
				ENABLE_USER_SCRIPT_SANDBOXING = YES;
				GCC_C_LANGUAGE_STANDARD = gnu17;
				GCC_NO_COMMON_BLOCKS = YES;
				GCC_WARN_64_TO_32_BIT_CONVERSION = YES;
				GCC_WARN_ABOUT_RETURN_TYPE = YES_ERROR;
				GCC_WARN_UNDECLARED_SELECTOR = YES;
				GCC_WARN_UNINITIALIZED_AUTOS = YES_AGGRESSIVE;
				GCC_WARN_UNUSED_FUNCTION = YES;
				GCC_WARN_UNUSED_VARIABLE = YES;
				IPHONEOS_DEPLOYMENT_TARGET = 17.5;
				LOCALIZATION_PREFERS_STRING_CATALOGS = YES;
				MTL_ENABLE_DEBUG_INFO = NO;
				MTL_FAST_MATH = YES;
				SDKROOT = iphoneos;
				SWIFT_COMPILATION_MODE = wholemodule;
				VALIDATE_PRODUCT = YES;
			};
			name = Release;
		};
		37FE3BBE2C73E68C00784FB8 /* Debug */ = {
			isa = XCBuildConfiguration;
			buildSettings = {
				ASSETCATALOG_COMPILER_APPICON_NAME = AppIcon;
				ASSETCATALOG_COMPILER_GLOBAL_ACCENT_COLOR_NAME = AccentColor;
				CODE_SIGN_ENTITLEMENTS = SipMates/SipMates.entitlements;
				CODE_SIGN_STYLE = Automatic;
				CURRENT_PROJECT_VERSION = 1;
				DEVELOPMENT_ASSET_PATHS = "\"SipMates/Preview Content\"";
				DEVELOPMENT_TEAM = 3L8C7P2DCH;
				ENABLE_PREVIEWS = YES;
				GENERATE_INFOPLIST_FILE = YES;
				INFOPLIST_KEY_NSLocationWhenInUseUsageDescription = "SipMates uses your location to show you where you are in relation to your friends.";
				INFOPLIST_KEY_UIApplicationSceneManifest_Generation = YES;
				INFOPLIST_KEY_UIApplicationSupportsIndirectInputEvents = YES;
				INFOPLIST_KEY_UILaunchScreen_Generation = YES;
				INFOPLIST_KEY_UISupportedInterfaceOrientations_iPad = "UIInterfaceOrientationPortrait UIInterfaceOrientationPortraitUpsideDown UIInterfaceOrientationLandscapeLeft UIInterfaceOrientationLandscapeRight";
				INFOPLIST_KEY_UISupportedInterfaceOrientations_iPhone = "UIInterfaceOrientationPortrait UIInterfaceOrientationLandscapeLeft UIInterfaceOrientationLandscapeRight";
				LD_RUNPATH_SEARCH_PATHS = (
					"$(inherited)",
					"@executable_path/Frameworks",
				);
				MARKETING_VERSION = 1.0;
				PRODUCT_BUNDLE_IDENTIFIER = com.nhi.SipMates;
				PRODUCT_NAME = "$(TARGET_NAME)";
				SWIFT_EMIT_LOC_STRINGS = YES;
				SWIFT_VERSION = 5.0;
				TARGETED_DEVICE_FAMILY = "1,2";
			};
			name = Debug;
		};
		37FE3BBF2C73E68C00784FB8 /* Release */ = {
			isa = XCBuildConfiguration;
			buildSettings = {
				ASSETCATALOG_COMPILER_APPICON_NAME = AppIcon;
				ASSETCATALOG_COMPILER_GLOBAL_ACCENT_COLOR_NAME = AccentColor;
				CODE_SIGN_ENTITLEMENTS = SipMates/SipMates.entitlements;
				CODE_SIGN_STYLE = Automatic;
				CURRENT_PROJECT_VERSION = 1;
				DEVELOPMENT_ASSET_PATHS = "\"SipMates/Preview Content\"";
				DEVELOPMENT_TEAM = 3L8C7P2DCH;
				ENABLE_PREVIEWS = YES;
				GENERATE_INFOPLIST_FILE = YES;
				INFOPLIST_KEY_NSLocationWhenInUseUsageDescription = "SipMates uses your location to show you where you are in relation to your friends.";
				INFOPLIST_KEY_UIApplicationSceneManifest_Generation = YES;
				INFOPLIST_KEY_UIApplicationSupportsIndirectInputEvents = YES;
				INFOPLIST_KEY_UILaunchScreen_Generation = YES;
				INFOPLIST_KEY_UISupportedInterfaceOrientations_iPad = "UIInterfaceOrientationPortrait UIInterfaceOrientationPortraitUpsideDown UIInterfaceOrientationLandscapeLeft UIInterfaceOrientationLandscapeRight";
				INFOPLIST_KEY_UISupportedInterfaceOrientations_iPhone = "UIInterfaceOrientationPortrait UIInterfaceOrientationLandscapeLeft UIInterfaceOrientationLandscapeRight";
				LD_RUNPATH_SEARCH_PATHS = (
					"$(inherited)",
					"@executable_path/Frameworks",
				);
				MARKETING_VERSION = 1.0;
				PRODUCT_BUNDLE_IDENTIFIER = com.nhi.SipMates;
				PRODUCT_NAME = "$(TARGET_NAME)";
				SWIFT_EMIT_LOC_STRINGS = YES;
				SWIFT_VERSION = 5.0;
				TARGETED_DEVICE_FAMILY = "1,2";
			};
			name = Release;
		};
/* End XCBuildConfiguration section */

/* Begin XCConfigurationList section */
		37FE3BAA2C73E68900784FB8 /* Build configuration list for PBXProject "SipMates" */ = {
			isa = XCConfigurationList;
			buildConfigurations = (
				37FE3BBB2C73E68C00784FB8 /* Debug */,
				37FE3BBC2C73E68C00784FB8 /* Release */,
			);
			defaultConfigurationIsVisible = 0;
			defaultConfigurationName = Release;
		};
		37FE3BBD2C73E68C00784FB8 /* Build configuration list for PBXNativeTarget "SipMates" */ = {
			isa = XCConfigurationList;
			buildConfigurations = (
				37FE3BBE2C73E68C00784FB8 /* Debug */,
				37FE3BBF2C73E68C00784FB8 /* Release */,
			);
			defaultConfigurationIsVisible = 0;
			defaultConfigurationName = Release;
		};
/* End XCConfigurationList section */
	};
	rootObject = 37FE3BA72C73E68900784FB8 /* Project object */;
}
